{
  "version": 4,
  "terraform_version": "1.12.2",
  "serial": 20,
  "lineage": "7b79c91e-58b5-34d8-ce95-49430fdef06b",
  "outputs": {
    "cluster_endpoint": {
      "value": "34.134.25.86",
      "type": "string",
      "sensitive": true
    },
    "cluster_name": {
      "value": "juangar-sandbox-gke-cluster",
      "type": "string"
    },
    "node_pool_name": {
      "value": "primary-workload-pool",
      "type": "string"
    }
  },
  "resources": [
    {
      "mode": "managed",
      "type": "google_container_cluster",
      "name": "primary",
      "provider": "provider[\"registry.terraform.io/hashicorp/google\"]",
      "instances": [
        {
          "schema_version": 2,
          "attributes": {
            "addons_config": [
              {
                "cloudrun_config": [],
                "config_connector_config": [],
                "dns_cache_config": [],
                "gce_persistent_disk_csi_driver_config": [
                  {
                    "enabled": true
                  }
                ],
                "gcp_filestore_csi_driver_config": [],
                "gcs_fuse_csi_driver_config": [],
                "gke_backup_agent_config": [],
                "horizontal_pod_autoscaling": [],
                "http_load_balancing": [],
                "network_policy_config": [
                  {
                    "disabled": false
                  }
                ],
                "parallelstore_csi_driver_config": [],
                "ray_operator_config": [],
                "stateful_ha_config": []
              }
            ],
            "allow_net_admin": null,
            "anonymous_authentication_config": [
              {
                "mode": "ENABLED"
              }
            ],
            "authenticator_groups_config": [],
            "binary_authorization": [
              {
                "enabled": false,
                "evaluation_mode": ""
              }
            ],
            "cluster_autoscaling": [
              {
                "auto_provisioning_defaults": [],
                "auto_provisioning_locations": [],
                "autoscaling_profile": "BALANCED",
                "enabled": false,
                "resource_limits": []
              }
            ],
            "cluster_ipv4_cidr": "10.104.0.0/14",
            "confidential_nodes": [],
            "control_plane_endpoints_config": [
              {
                "dns_endpoint_config": [
                  {
                    "allow_external_traffic": false,
                    "endpoint": "gke-faa9768a61554dab8da41ba60885f276d341-766821534595.us-central1.gke.goog"
                  }
                ],
                "ip_endpoints_config": [
                  {
                    "enabled": true
                  }
                ]
              }
            ],
            "cost_management_config": [],
            "database_encryption": [
              {
                "key_name": "",
                "state": "DECRYPTED"
              }
            ],
            "datapath_provider": "",
            "default_max_pods_per_node": 110,
            "default_snat_status": [
              {
                "disabled": false
              }
            ],
            "deletion_protection": false,
            "description": "",
            "disable_l4_lb_firewall_reconciliation": false,
            "dns_config": [],
            "effective_labels": {
              "goog-terraform-provisioned": "true"
            },
            "enable_autopilot": false,
            "enable_cilium_clusterwide_network_policy": false,
            "enable_fqdn_network_policy": false,
            "enable_intranode_visibility": false,
            "enable_k8s_beta_apis": [],
            "enable_kubernetes_alpha": false,
            "enable_l4_ilb_subsetting": false,
            "enable_legacy_abac": false,
            "enable_multi_networking": false,
            "enable_shielded_nodes": true,
            "enable_tpu": false,
            "endpoint": "34.134.25.86",
            "enterprise_config": [
              {
                "cluster_tier": "STANDARD",
                "desired_tier": ""
              }
            ],
            "fleet": [],
            "gateway_api_config": [],
            "gke_auto_upgrade_config": [],
            "id": "projects/juangar-sandbox/locations/us-central1/clusters/juangar-sandbox-gke-cluster",
            "identity_service_config": [],
            "in_transit_encryption_config": "",
            "initial_node_count": 1,
            "ip_allocation_policy": [
              {
                "additional_pod_ranges_config": [],
                "cluster_ipv4_cidr_block": "10.104.0.0/14",
                "cluster_secondary_range_name": "gke-juangar-sandbox-gke-cluster-pods-faa9768a",
                "pod_cidr_overprovision_config": [
                  {
                    "disabled": false
                  }
                ],
                "services_ipv4_cidr_block": "34.118.224.0/20",
                "services_secondary_range_name": "",
                "stack_type": "IPV4"
              }
            ],
            "label_fingerprint": "78cdf2f6",
            "location": "us-central1",
            "logging_config": [
              {
                "enable_components": [
                  "SYSTEM_COMPONENTS",
                  "WORKLOADS"
                ]
              }
            ],
            "logging_service": "logging.googleapis.com/kubernetes",
            "maintenance_policy": [],
            "master_auth": [
              {
                "client_certificate": "",
                "client_certificate_config": [
                  {
                    "issue_client_certificate": false
                  }
                ],
                "client_key": "",
                "cluster_ca_certificate": "LS0tLS1CRUdJTiBDRVJUSUZJQ0FURS0tLS0tCk1JSUVMVENDQXBXZ0F3SUJBZ0lSQUl3YTZBQXMxLzZ5TEFIK2xiT1p1QTR3RFFZSktvWklodmNOQVFFTEJRQXcKTHpFdE1Dc0dBMVVFQXhNa01XVm1NREU0WlRVdFptVTNOUzAwWmpVeExXSXpZVGN0TkRFM1kyUTBOREZqT0dZMQpNQ0FYRFRJMU1EY3hNREUzTURVek5sb1lEekl3TlRVd056QXpNVGd3TlRNMldqQXZNUzB3S3dZRFZRUURFeVF4ClpXWXdNVGhsTlMxbVpUYzFMVFJtTlRFdFlqTmhOeTAwTVRkalpEUTBNV000WmpVd2dnR2lNQTBHQ1NxR1NJYjMKRFFFQkFRVUFBNElCandBd2dnR0tBb0lCZ1FDcmVDRTVCU1BQc3JtcDBVUXBRSWdaOS94VWk4ZWwvdVg4a2VCQgpNd2MxTk1GSEFmUVo3NU5UUFpTWkpxTldoNngzbFFEVG4yZ0IramdjVlNUV1ZsVlVycndzRExHR3RvUzVzRklOCll4M2lJbnNIbjhXWXNvbGJXNkJMV2QvY3J4ZG55Vkd1eGJzWCtuSzR3b2E0WUsyTHFsR0dCRjFiMWluN1MrSTIKMUxRemh4NEwyQjkvQVc4SXplYWN6RGxSQzlGWEptckhETXNJOUo2L3hubWdsVEZxbzVFQkRra09jN0ovYk1BWAo3V1ZGNHBZVmM1Lzd1M1h0WUc2VVVJaEpSVkx2UW5qNGd4MEhkdTFNT2tHa3F3MlRwblU2Uk5UQ21zNUFQKzJ4CmxDOVR2N2d4YlIvQmUxVEhZZW9EZGlRdWRQVGVWWmhHemE0VStLbWJ1RDlzcWZnYWJZTEZ1UnlLVDNGY3Q3L24Kb1NRd1piSytteTVCQlpwQnpCbUY2bXRMU0ZsT2M0MzdyUG94NmVKM0RjcTQ0Mkx4eFRzUWEzMHByNlpxZUxYegovRS9HMldmY3pldzJqNVAyUG9MSUxWNkt1V3NPZ0dOaFhkVjl2N01DaDNYMkp3NitDb0svSXFMdDQxclpBZUZ2Cko1cGZDVDdtSWUvWm5rSHBzeVYwaVVmN0F5MENBd0VBQWFOQ01FQXdEZ1lEVlIwUEFRSC9CQVFEQWdJRU1BOEcKQTFVZEV3RUIvd1FGTUFNQkFmOHdIUVlEVlIwT0JCWUVGTnZTUmVib1ZOT21sTlN4NlhZc2QydDR6eWUxTUEwRwpDU3FHU0liM0RRRUJDd1VBQTRJQmdRQU9IVWgvU1p2aFY2REpIRnVFOHBkSmVHOXpnVDRmYyt4d2cvZ2ZTZTVjCnp4Tk03aGdzbXBaRTZDSzEwajJhODdKNmhESTlFOEFkT21XcklIMGVVVm45THJOaGI1YXlLckxEVGxtdWZ0MU8KYTlHZlVPcUtJVVdkbENFbWVKRlZYdU5yUU5zZWMrY3BzVGxSNDdwUFBxVFp3ZDlaNFVYZEhzdDgyYnZwK0NUMAphUGwxMngyZjV3TVNUS2pCYkpob2J2SElISFV3VWl5SWNmR25nQW5JbWhhcGdTcWh6cEZoYk5jKzU0UGp0SmFMCnBtaDJocXkyWVlLSkpnT2wxMGRvbVNTYW9QcWlPa3hDcWYyYkVzSFc3UTBiVkY1QW9SZlZUR2RyOW1mMWpLNzUKN0pwWmVJSWxqQkpWNFdpeXNYWXN5QUZsYWlmMFVXWnV3VCtlbjJ3UVVlQlZNemdXZWJ1ZkJpVzVzbWMreERMNwpUVW1YMHpRU0N5Uk1DRyt5SUZrTkNlTXpscE9BdTJCTGlMS05Cai8ycisrOGw3UVFkM0tVbGU0U0JKZGgxZFl0CnBBLzk2VTlmZkFhZ1hQVDVnNFhzRXBwZkVXbm9OcnJ4TjdYSmV6a1JWTHo4NUJWY0Zwemc4Szc0N2tYVUF0OFcKVkxDaWpFVFZCZVJwNUJOVFBBTWNCcFk9Ci0tLS0tRU5EIENFUlRJRklDQVRFLS0tLS0K"
              }
            ],
            "master_authorized_networks_config": [],
            "master_version": "1.32.4-gke.1415000",
            "mesh_certificates": [],
            "min_master_version": null,
            "monitoring_config": [
              {
                "advanced_datapath_observability_config": [
                  {
                    "enable_metrics": false,
                    "enable_relay": false
                  }
                ],
                "enable_components": [
                  "SYSTEM_COMPONENTS",
                  "HPA",
                  "POD",
                  "DAEMONSET",
                  "DEPLOYMENT",
                  "STATEFULSET",
                  "JOBSET",
                  "STORAGE",
                  "CADVISOR",
                  "KUBELET",
                  "DCGM"
                ],
                "managed_prometheus": [
                  {
                    "auto_monitoring_config": [],
                    "enabled": true
                  }
                ]
              }
            ],
            "monitoring_service": "monitoring.googleapis.com/kubernetes",
            "name": "juangar-sandbox-gke-cluster",
            "network": "projects/juangar-sandbox/global/networks/default",
            "network_performance_config": [],
            "network_policy": [
              {
                "enabled": true,
                "provider": ""
              }
            ],
            "networking_mode": "VPC_NATIVE",
            "node_config": [],
            "node_locations": [
              "us-central1-a",
              "us-central1-b",
              "us-central1-f"
            ],
            "node_pool": [],
            "node_pool_auto_config": [
              {
                "linux_node_config": [],
                "network_tags": [],
                "node_kubelet_config": [
                  {
                    "insecure_kubelet_readonly_port_enabled": "FALSE"
                  }
                ],
                "resource_manager_tags": {}
              }
            ],
            "node_pool_defaults": [
              {
                "node_config_defaults": [
                  {
                    "containerd_config": [],
                    "gcfs_config": [],
                    "insecure_kubelet_readonly_port_enabled": "FALSE",
                    "logging_variant": "DEFAULT"
                  }
                ]
              }
            ],
            "node_version": "1.32.4-gke.1415000",
            "notification_config": [
              {
                "pubsub": [
                  {
                    "enabled": false,
                    "filter": [],
                    "topic": ""
                  }
                ]
              }
            ],
            "operation": null,
            "pod_autoscaling": [
              {
                "hpa_profile": "HPA_PROFILE_UNSPECIFIED"
              }
            ],
            "private_cluster_config": [
              {
                "enable_private_endpoint": false,
                "enable_private_nodes": false,
                "master_global_access_config": [
                  {
                    "enabled": false
                  }
                ],
                "master_ipv4_cidr_block": "",
                "peering_name": "",
                "private_endpoint": "10.128.0.26",
                "private_endpoint_subnetwork": "",
                "public_endpoint": "34.134.25.86"
              }
            ],
            "private_ipv6_google_access": "",
            "project": "juangar-sandbox",
            "release_channel": [
              {
                "channel": "REGULAR"
              }
            ],
            "remove_default_node_pool": true,
            "resource_labels": null,
            "resource_usage_export_config": [],
            "secret_manager_config": [
              {
                "enabled": false
              }
            ],
            "security_posture_config": [
              {
                "mode": "BASIC",
                "vulnerability_mode": "VULNERABILITY_MODE_UNSPECIFIED"
              }
            ],
            "self_link": "https://container.googleapis.com/v1/projects/juangar-sandbox/locations/us-central1/clusters/juangar-sandbox-gke-cluster",
            "service_external_ips_config": [
              {
                "enabled": false
              }
            ],
            "services_ipv4_cidr": "34.118.224.0/20",
            "subnetwork": "projects/juangar-sandbox/regions/us-central1/subnetworks/default",
            "terraform_labels": {
              "goog-terraform-provisioned": "true"
            },
            "timeouts": null,
            "tpu_ipv4_cidr_block": "",
            "user_managed_keys_config": [],
            "vertical_pod_autoscaling": [],
            "workload_identity_config": [
              {
                "workload_pool": "juangar-sandbox.svc.id.goog"
              }
            ]
          },
          "sensitive_attributes": [
            [
              {
                "type": "get_attr",
                "value": "master_auth"
              },
              {
                "type": "index",
                "value": {
                  "value": 0,
                  "type": "number"
                }
              },
              {
                "type": "get_attr",
                "value": "client_key"
              }
            ]
          ],
          "identity_schema_version": 0,
          "private": "eyJlMmJmYjczMC1lY2FhLTExZTYtOGY4OC0zNDM2M2JjN2M0YzAiOnsiY3JlYXRlIjoyNDAwMDAwMDAwMDAwLCJkZWxldGUiOjI0MDAwMDAwMDAwMDAsInJlYWQiOjI0MDAwMDAwMDAwMDAsInVwZGF0ZSI6MzYwMDAwMDAwMDAwMH0sInNjaGVtYV92ZXJzaW9uIjoiMiJ9"
        }
      ]
    },
    {
      "mode": "managed",
      "type": "google_container_node_pool",
      "name": "primary_nodes",
      "provider": "provider[\"registry.terraform.io/hashicorp/google\"]",
      "instances": [
        {
          "schema_version": 1,
          "attributes": {
            "autoscaling": [],
            "cluster": "juangar-sandbox-gke-cluster",
            "id": "projects/juangar-sandbox/locations/us-central1/clusters/juangar-sandbox-gke-cluster/nodePools/primary-workload-pool",
            "initial_node_count": 2,
            "instance_group_urls": [
              "https://www.googleapis.com/compute/v1/projects/juangar-sandbox/zones/us-central1-f/instanceGroupManagers/gke-juangar-sandbox--primary-workload-7957c45e-grp",
              "https://www.googleapis.com/compute/v1/projects/juangar-sandbox/zones/us-central1-a/instanceGroupManagers/gke-juangar-sandbox--primary-workload-ff89ae90-grp",
              "https://www.googleapis.com/compute/v1/projects/juangar-sandbox/zones/us-central1-b/instanceGroupManagers/gke-juangar-sandbox--primary-workload-160f33a8-grp"
            ],
            "location": "us-central1",
            "managed_instance_group_urls": [
              "https://www.googleapis.com/compute/v1/projects/juangar-sandbox/zones/us-central1-f/instanceGroups/gke-juangar-sandbox--primary-workload-7957c45e-grp",
              "https://www.googleapis.com/compute/v1/projects/juangar-sandbox/zones/us-central1-a/instanceGroups/gke-juangar-sandbox--primary-workload-ff89ae90-grp",
              "https://www.googleapis.com/compute/v1/projects/juangar-sandbox/zones/us-central1-b/instanceGroups/gke-juangar-sandbox--primary-workload-160f33a8-grp"
            ],
            "management": [
              {
                "auto_repair": true,
                "auto_upgrade": true
              }
            ],
            "max_pods_per_node": 110,
            "name": "primary-workload-pool",
            "name_prefix": "",
            "network_config": [
              {
                "additional_node_network_configs": [],
                "additional_pod_network_configs": [],
                "create_pod_range": false,
                "enable_private_nodes": false,
                "network_performance_config": [],
                "pod_cidr_overprovision_config": [],
                "pod_ipv4_cidr_block": "10.104.0.0/14",
                "pod_range": "gke-juangar-sandbox-gke-cluster-pods-faa9768a"
              }
            ],
            "node_config": [
              {
                "advanced_machine_features": [],
                "boot_disk_kms_key": "",
                "confidential_nodes": [],
                "containerd_config": [],
                "disk_size_gb": 50,
                "disk_type": "pd-standard",
                "effective_taints": [],
                "enable_confidential_storage": false,
                "ephemeral_storage_local_ssd_config": [],
                "fast_socket": [],
                "flex_start": false,
                "gcfs_config": [],
                "guest_accelerator": [],
                "gvnic": [],
                "host_maintenance_policy": [],
                "image_type": "COS_CONTAINERD",
                "kubelet_config": [
                  {
                    "allowed_unsafe_sysctls": [],
                    "container_log_max_files": 0,
                    "container_log_max_size": "",
                    "cpu_cfs_quota": false,
                    "cpu_cfs_quota_period": "",
                    "cpu_manager_policy": "",
                    "image_gc_high_threshold_percent": 0,
                    "image_gc_low_threshold_percent": 0,
                    "image_maximum_gc_age": "",
                    "image_minimum_gc_age": "",
                    "insecure_kubelet_readonly_port_enabled": "FALSE",
                    "pod_pids_limit": 0
                  }
                ],
                "labels": {},
                "linux_node_config": [],
                "local_nvme_ssd_block_config": [],
                "local_ssd_count": 0,
                "local_ssd_encryption_mode": "",
                "logging_variant": "DEFAULT",
                "machine_type": "e2-medium",
                "max_run_duration": "",
                "metadata": {
                  "disable-legacy-endpoints": "true"
                },
                "min_cpu_platform": "",
                "node_group": "",
                "oauth_scopes": [
                  "https://www.googleapis.com/auth/cloud-platform"
                ],
                "preemptible": true,
                "reservation_affinity": [],
                "resource_labels": {
                  "goog-gke-node-pool-provisioning-model": "spot"
                },
                "resource_manager_tags": null,
                "secondary_boot_disks": [],
                "service_account": "default",
                "shielded_instance_config": [
                  {
                    "enable_integrity_monitoring": true,
                    "enable_secure_boot": false
                  }
                ],
                "sole_tenant_config": [],
                "spot": false,
                "storage_pools": null,
                "tags": null,
                "taint": [],
                "windows_node_config": [
                  {
                    "osversion": ""
                  }
                ],
                "workload_metadata_config": [
                  {
                    "mode": "GKE_METADATA"
                  }
                ]
              }
            ],
            "node_count": 2,
            "node_locations": [
              "us-central1-a",
              "us-central1-b",
              "us-central1-f"
            ],
            "operation": null,
            "placement_policy": [],
            "project": "juangar-sandbox",
            "queued_provisioning": [],
            "timeouts": null,
            "upgrade_settings": [
              {
                "blue_green_settings": [],
                "max_surge": 1,
                "max_unavailable": 0,
                "strategy": "SURGE"
              }
            ],
            "version": "1.32.4-gke.1415000"
          },
          "sensitive_attributes": [],
          "identity_schema_version": 0,
          "private": "eyJlMmJmYjczMC1lY2FhLTExZTYtOGY4OC0zNDM2M2JjN2M0YzAiOnsiY3JlYXRlIjoxODAwMDAwMDAwMDAwLCJkZWxldGUiOjE4MDAwMDAwMDAwMDAsInVwZGF0ZSI6MTgwMDAwMDAwMDAwMH0sInNjaGVtYV92ZXJzaW9uIjoiMSJ9",
          "dependencies": [
            "google_container_cluster.primary"
          ]
        }
      ]
    }
  ],
  "check_results": null
}
